
Microsoft Visual Studio Solution File, Format Version 12.00
# Visual Studio Version 17
VisualStudioVersion = 17.5.33627.172
MinimumVisualStudioVersion = 10.0.40219.1
Project("{FAE04EC0-301F-11D3-BF4B-00C04F79EFBC}") = "Day 5 Loops IF-ELSE", "Day 5 Loops IF-ELSE\Day 5 Loops IF-ELSE.csproj", "{C1C85893-C464-45F2-AB93-6A6DD8F3B358}"
EndProject
Global
	GlobalSection(SolutionConfigurationPlatforms) = preSolution
		Debug|Any CPU = Debug|Any CPU
		Release|Any CPU = Release|Any CPU
	EndGlobalSection
	GlobalSection(ProjectConfigurationPlatforms) = postSolution
		{C1C85893-C464-45F2-AB93-6A6DD8F3B358}.Debug|Any CPU.ActiveCfg = Debug|Any CPU
		{C1C85893-C464-45F2-AB93-6A6DD8F3B358}.Debug|Any CPU.Build.0 = Debug|Any CPU
		{C1C85893-C464-45F2-AB93-6A6DD8F3B358}.Release|Any CPU.ActiveCfg = Release|Any CPU
		{C1C85893-C464-45F2-AB93-6A6DD8F3B358}.Release|Any CPU.Build.0 = Release|Any CPU
	EndGlobalSection
	GlobalSection(SolutionProperties) = preSolution
		HideSolutionNode = FALSE
	EndGlobalSection
	GlobalSection(ExtensibilityGlobals) = postSolution
		SolutionGuid = {5CDB98B7-970A-4543-9F06-97D7A1A2C2E4}
	EndGlobalSection
EndGlobal
